
Microsoft Visual Studio Solution File, Format Version 12.00
# Visual Studio 15
VisualStudioVersion = 15.0.26730.16
MinimumVisualStudioVersion = 10.0.40219.1
Project("{FAE04EC0-301F-11D3-BF4B-00C04F79EFBC}") = "MonsterHunterDecoTracker", "MonsterHunterDecoTracker\MonsterHunterDecoTracker.csproj", "{EEC0908D-B303-4096-8591-13154EF87259}"
EndProject
Global
	GlobalSection(SolutionConfigurationPlatforms) = preSolution
		Debug|Any CPU = Debug|Any CPU
		Release|Any CPU = Release|Any CPU
	EndGlobalSection
	GlobalSection(ProjectConfigurationPlatforms) = postSolution
		{EEC0908D-B303-4096-8591-13154EF87259}.Debug|Any CPU.ActiveCfg = Debug|Any CPU
		{EEC0908D-B303-4096-8591-13154EF87259}.Debug|Any CPU.Build.0 = Debug|Any CPU
		{EEC0908D-B303-4096-8591-13154EF87259}.Release|Any CPU.ActiveCfg = Release|Any CPU
		{EEC0908D-B303-4096-8591-13154EF87259}.Release|Any CPU.Build.0 = Release|Any CPU
	EndGlobalSection
	GlobalSection(SolutionProperties) = preSolution
		HideSolutionNode = FALSE
	EndGlobalSection
	GlobalSection(ExtensibilityGlobals) = postSolution
		SolutionGuid = {2CF16631-7A5D-41D0-AF4A-C7099D1BFE7E}
	EndGlobalSection
EndGlobal
